
Microsoft Visual Studio Solution File, Format Version 12.00
# Visual Studio Version 17
VisualStudioVersion = 17.7.34221.43
MinimumVisualStudioVersion = 10.0.40219.1
Project("{FAE04EC0-301F-11D3-BF4B-00C04F79EFBC}") = "MVCReactApp", "MVCReactApp\MVCReactApp.csproj", "{7B59B3D6-4D39-4610-9D37-7DAEFC52B5E0}"
EndProject
Global
	GlobalSection(SolutionConfigurationPlatforms) = preSolution
		Debug|Any CPU = Debug|Any CPU
		Release|Any CPU = Release|Any CPU
	EndGlobalSection
	GlobalSection(ProjectConfigurationPlatforms) = postSolution
		{7B59B3D6-4D39-4610-9D37-7DAEFC52B5E0}.Debug|Any CPU.ActiveCfg = Debug|Any CPU
		{7B59B3D6-4D39-4610-9D37-7DAEFC52B5E0}.Debug|Any CPU.Build.0 = Debug|Any CPU
		{7B59B3D6-4D39-4610-9D37-7DAEFC52B5E0}.Release|Any CPU.ActiveCfg = Release|Any CPU
		{7B59B3D6-4D39-4610-9D37-7DAEFC52B5E0}.Release|Any CPU.Build.0 = Release|Any CPU
	EndGlobalSection
	GlobalSection(SolutionProperties) = preSolution
		HideSolutionNode = FALSE
	EndGlobalSection
	GlobalSection(ExtensibilityGlobals) = postSolution
		SolutionGuid = {0DCBDBB6-65AF-4DE0-9979-5C0C5D892CBB}
	EndGlobalSection
EndGlobal
